
Microsoft Visual Studio Solution File, Format Version 12.00
# Visual Studio Version 16
VisualStudioVersion = 16.0.30114.105
MinimumVisualStudioVersion = 10.0.40219.1
Project("{8BC9CEB8-8B4A-11D0-8D11-00A0C91BC942}") = "MusicPlayer", "MusicPlayer.vcxproj", "{8043BE6D-700D-4F47-998A-3958DFFF44D0}"
EndProject
Global
	GlobalSection(SolutionConfigurationPlatforms) = preSolution
		Debug|x64 = Debug|x64
		Debug|x86 = Debug|x86
		Release|x64 = Release|x64
		Release|x86 = Release|x86
	EndGlobalSection
	GlobalSection(ProjectConfigurationPlatforms) = postSolution
		{8043BE6D-700D-4F47-998A-3958DFFF44D0}.Debug|x64.ActiveCfg = Debug|x64
		{8043BE6D-700D-4F47-998A-3958DFFF44D0}.Debug|x64.Build.0 = Debug|x64
		{8043BE6D-700D-4F47-998A-3958DFFF44D0}.Debug|x86.ActiveCfg = Debug|Win32
		{8043BE6D-700D-4F47-998A-3958DFFF44D0}.Debug|x86.Build.0 = Debug|Win32
		{8043BE6D-700D-4F47-998A-3958DFFF44D0}.Release|x64.ActiveCfg = Release|x64
		{8043BE6D-700D-4F47-998A-3958DFFF44D0}.Release|x64.Build.0 = Release|x64
		{8043BE6D-700D-4F47-998A-3958DFFF44D0}.Release|x86.ActiveCfg = Release|Win32
		{8043BE6D-700D-4F47-998A-3958DFFF44D0}.Release|x86.Build.0 = Release|Win32
	EndGlobalSection
	GlobalSection(SolutionProperties) = preSolution
		HideSolutionNode = FALSE
	EndGlobalSection
	GlobalSection(ExtensibilityGlobals) = postSolution
		SolutionGuid = {D6B6DAF0-B971-45EF-8369-C475DFF5CDB6}
	EndGlobalSection
EndGlobal
