
Microsoft Visual Studio Solution File, Format Version 12.00
# Visual Studio Version 16
VisualStudioVersion = 16.0.29306.81
MinimumVisualStudioVersion = 10.0.40219.1
Project("{8BC9CEB8-8B4A-11D0-8D11-00A0C91BC942}") = "20191029(5)", "20191029(5).vcxproj", "{BDDAC55E-1782-45C1-9592-5A160BE1D7E6}"
EndProject
Global
	GlobalSection(SolutionConfigurationPlatforms) = preSolution
		Debug|x64 = Debug|x64
		Debug|x86 = Debug|x86
		Release|x64 = Release|x64
		Release|x86 = Release|x86
	EndGlobalSection
	GlobalSection(ProjectConfigurationPlatforms) = postSolution
		{BDDAC55E-1782-45C1-9592-5A160BE1D7E6}.Debug|x64.ActiveCfg = Debug|x64
		{BDDAC55E-1782-45C1-9592-5A160BE1D7E6}.Debug|x64.Build.0 = Debug|x64
		{BDDAC55E-1782-45C1-9592-5A160BE1D7E6}.Debug|x86.ActiveCfg = Debug|Win32
		{BDDAC55E-1782-45C1-9592-5A160BE1D7E6}.Debug|x86.Build.0 = Debug|Win32
		{BDDAC55E-1782-45C1-9592-5A160BE1D7E6}.Release|x64.ActiveCfg = Release|x64
		{BDDAC55E-1782-45C1-9592-5A160BE1D7E6}.Release|x64.Build.0 = Release|x64
		{BDDAC55E-1782-45C1-9592-5A160BE1D7E6}.Release|x86.ActiveCfg = Release|Win32
		{BDDAC55E-1782-45C1-9592-5A160BE1D7E6}.Release|x86.Build.0 = Release|Win32
	EndGlobalSection
	GlobalSection(SolutionProperties) = preSolution
		HideSolutionNode = FALSE
	EndGlobalSection
	GlobalSection(ExtensibilityGlobals) = postSolution
		SolutionGuid = {AE761AD6-B596-4A2F-9397-3672B4BE8D23}
	EndGlobalSection
EndGlobal
