
Microsoft Visual Studio Solution File, Format Version 12.00
# Visual Studio Version 16
VisualStudioVersion = 16.0.30503.244
MinimumVisualStudioVersion = 10.0.40219.1
Project("{8BC9CEB8-8B4A-11D0-8D11-00A0C91BC942}") = "20201022(2)", "20201022(2).vcxproj", "{9B057613-4A90-4ECF-A2AC-256377944A81}"
EndProject
Global
	GlobalSection(SolutionConfigurationPlatforms) = preSolution
		Debug|x64 = Debug|x64
		Debug|x86 = Debug|x86
		Release|x64 = Release|x64
		Release|x86 = Release|x86
	EndGlobalSection
	GlobalSection(ProjectConfigurationPlatforms) = postSolution
		{9B057613-4A90-4ECF-A2AC-256377944A81}.Debug|x64.ActiveCfg = Debug|x64
		{9B057613-4A90-4ECF-A2AC-256377944A81}.Debug|x64.Build.0 = Debug|x64
		{9B057613-4A90-4ECF-A2AC-256377944A81}.Debug|x86.ActiveCfg = Debug|Win32
		{9B057613-4A90-4ECF-A2AC-256377944A81}.Debug|x86.Build.0 = Debug|Win32
		{9B057613-4A90-4ECF-A2AC-256377944A81}.Release|x64.ActiveCfg = Release|x64
		{9B057613-4A90-4ECF-A2AC-256377944A81}.Release|x64.Build.0 = Release|x64
		{9B057613-4A90-4ECF-A2AC-256377944A81}.Release|x86.ActiveCfg = Release|Win32
		{9B057613-4A90-4ECF-A2AC-256377944A81}.Release|x86.Build.0 = Release|Win32
	EndGlobalSection
	GlobalSection(SolutionProperties) = preSolution
		HideSolutionNode = FALSE
	EndGlobalSection
	GlobalSection(ExtensibilityGlobals) = postSolution
		SolutionGuid = {B93D72C5-4878-4108-8AFA-076519C5304B}
	EndGlobalSection
EndGlobal
