
Microsoft Visual Studio Solution File, Format Version 12.00
# Visual Studio Version 16
VisualStudioVersion = 16.0.29503.13
MinimumVisualStudioVersion = 10.0.40219.1
Project("{8BC9CEB8-8B4A-11D0-8D11-00A0C91BC942}") = "Exam3", "Exam3.vcxproj", "{7D9E68EC-A92D-47C0-8EE2-45F6D7091D79}"
EndProject
Global
	GlobalSection(SolutionConfigurationPlatforms) = preSolution
		Debug|x64 = Debug|x64
		Debug|x86 = Debug|x86
		Release|x64 = Release|x64
		Release|x86 = Release|x86
	EndGlobalSection
	GlobalSection(ProjectConfigurationPlatforms) = postSolution
		{7D9E68EC-A92D-47C0-8EE2-45F6D7091D79}.Debug|x64.ActiveCfg = Debug|x64
		{7D9E68EC-A92D-47C0-8EE2-45F6D7091D79}.Debug|x64.Build.0 = Debug|x64
		{7D9E68EC-A92D-47C0-8EE2-45F6D7091D79}.Debug|x86.ActiveCfg = Debug|Win32
		{7D9E68EC-A92D-47C0-8EE2-45F6D7091D79}.Debug|x86.Build.0 = Debug|Win32
		{7D9E68EC-A92D-47C0-8EE2-45F6D7091D79}.Release|x64.ActiveCfg = Release|x64
		{7D9E68EC-A92D-47C0-8EE2-45F6D7091D79}.Release|x64.Build.0 = Release|x64
		{7D9E68EC-A92D-47C0-8EE2-45F6D7091D79}.Release|x86.ActiveCfg = Release|Win32
		{7D9E68EC-A92D-47C0-8EE2-45F6D7091D79}.Release|x86.Build.0 = Release|Win32
	EndGlobalSection
	GlobalSection(SolutionProperties) = preSolution
		HideSolutionNode = FALSE
	EndGlobalSection
	GlobalSection(ExtensibilityGlobals) = postSolution
		SolutionGuid = {BF56D2E5-598D-45DB-84A5-0D42840914E3}
	EndGlobalSection
EndGlobal
