
Microsoft Visual Studio Solution File, Format Version 12.00
# Visual Studio Version 16
VisualStudioVersion = 16.0.29920.165
MinimumVisualStudioVersion = 10.0.40219.1
Project("{8BC9CEB8-8B4A-11D0-8D11-00A0C91BC942}") = "WindowsProject1", "WindowsProject1\WindowsProject1.vcxproj", "{B5D7A254-6FAC-458A-ABFA-19B39C9E3A5F}"
EndProject
Global
	GlobalSection(SolutionConfigurationPlatforms) = preSolution
		Debug|x64 = Debug|x64
		Debug|x86 = Debug|x86
		Release|x64 = Release|x64
		Release|x86 = Release|x86
	EndGlobalSection
	GlobalSection(ProjectConfigurationPlatforms) = postSolution
		{B5D7A254-6FAC-458A-ABFA-19B39C9E3A5F}.Debug|x64.ActiveCfg = Debug|x64
		{B5D7A254-6FAC-458A-ABFA-19B39C9E3A5F}.Debug|x64.Build.0 = Debug|x64
		{B5D7A254-6FAC-458A-ABFA-19B39C9E3A5F}.Debug|x86.ActiveCfg = Debug|Win32
		{B5D7A254-6FAC-458A-ABFA-19B39C9E3A5F}.Debug|x86.Build.0 = Debug|Win32
		{B5D7A254-6FAC-458A-ABFA-19B39C9E3A5F}.Release|x64.ActiveCfg = Release|x64
		{B5D7A254-6FAC-458A-ABFA-19B39C9E3A5F}.Release|x64.Build.0 = Release|x64
		{B5D7A254-6FAC-458A-ABFA-19B39C9E3A5F}.Release|x86.ActiveCfg = Release|Win32
		{B5D7A254-6FAC-458A-ABFA-19B39C9E3A5F}.Release|x86.Build.0 = Release|Win32
	EndGlobalSection
	GlobalSection(SolutionProperties) = preSolution
		HideSolutionNode = FALSE
	EndGlobalSection
	GlobalSection(ExtensibilityGlobals) = postSolution
		SolutionGuid = {F1335942-279B-4E77-88BE-D66A8D15B4D6}
	EndGlobalSection
EndGlobal
