
Microsoft Visual Studio Solution File, Format Version 12.00
# Visual Studio Version 16
VisualStudioVersion = 16.0.29926.136
MinimumVisualStudioVersion = 10.0.40219.1
Project("{8BC9CEB8-8B4A-11D0-8D11-00A0C91BC942}") = "第十一次作业", "第十一次作业.vcxproj", "{903B637A-59AE-459B-968C-7F62F64BCA25}"
EndProject
Global
	GlobalSection(SolutionConfigurationPlatforms) = preSolution
		Debug|x64 = Debug|x64
		Debug|x86 = Debug|x86
		Release|x64 = Release|x64
		Release|x86 = Release|x86
	EndGlobalSection
	GlobalSection(ProjectConfigurationPlatforms) = postSolution
		{903B637A-59AE-459B-968C-7F62F64BCA25}.Debug|x64.ActiveCfg = Debug|x64
		{903B637A-59AE-459B-968C-7F62F64BCA25}.Debug|x64.Build.0 = Debug|x64
		{903B637A-59AE-459B-968C-7F62F64BCA25}.Debug|x86.ActiveCfg = Debug|Win32
		{903B637A-59AE-459B-968C-7F62F64BCA25}.Debug|x86.Build.0 = Debug|Win32
		{903B637A-59AE-459B-968C-7F62F64BCA25}.Release|x64.ActiveCfg = Release|x64
		{903B637A-59AE-459B-968C-7F62F64BCA25}.Release|x64.Build.0 = Release|x64
		{903B637A-59AE-459B-968C-7F62F64BCA25}.Release|x86.ActiveCfg = Release|Win32
		{903B637A-59AE-459B-968C-7F62F64BCA25}.Release|x86.Build.0 = Release|Win32
	EndGlobalSection
	GlobalSection(SolutionProperties) = preSolution
		HideSolutionNode = FALSE
	EndGlobalSection
	GlobalSection(ExtensibilityGlobals) = postSolution
		SolutionGuid = {CC46EE0E-4A0A-4ACA-8319-3D6B82980496}
	EndGlobalSection
EndGlobal
