
Microsoft Visual Studio Solution File, Format Version 12.00
# Visual Studio Version 16
VisualStudioVersion = 16.0.29503.13
MinimumVisualStudioVersion = 10.0.40219.1
Project("{8BC9CEB8-8B4A-11D0-8D11-00A0C91BC942}") = "20191126(2)", "20191126(2).vcxproj", "{C46B9B5B-3CC8-45AE-AB68-843CA94B6887}"
EndProject
Global
	GlobalSection(SolutionConfigurationPlatforms) = preSolution
		Debug|x64 = Debug|x64
		Debug|x86 = Debug|x86
		Release|x64 = Release|x64
		Release|x86 = Release|x86
	EndGlobalSection
	GlobalSection(ProjectConfigurationPlatforms) = postSolution
		{C46B9B5B-3CC8-45AE-AB68-843CA94B6887}.Debug|x64.ActiveCfg = Debug|x64
		{C46B9B5B-3CC8-45AE-AB68-843CA94B6887}.Debug|x64.Build.0 = Debug|x64
		{C46B9B5B-3CC8-45AE-AB68-843CA94B6887}.Debug|x86.ActiveCfg = Debug|Win32
		{C46B9B5B-3CC8-45AE-AB68-843CA94B6887}.Debug|x86.Build.0 = Debug|Win32
		{C46B9B5B-3CC8-45AE-AB68-843CA94B6887}.Release|x64.ActiveCfg = Release|x64
		{C46B9B5B-3CC8-45AE-AB68-843CA94B6887}.Release|x64.Build.0 = Release|x64
		{C46B9B5B-3CC8-45AE-AB68-843CA94B6887}.Release|x86.ActiveCfg = Release|Win32
		{C46B9B5B-3CC8-45AE-AB68-843CA94B6887}.Release|x86.Build.0 = Release|Win32
	EndGlobalSection
	GlobalSection(SolutionProperties) = preSolution
		HideSolutionNode = FALSE
	EndGlobalSection
	GlobalSection(ExtensibilityGlobals) = postSolution
		SolutionGuid = {71B6CBA0-44E3-4620-972A-9DB5908EBC2D}
	EndGlobalSection
EndGlobal
