
Microsoft Visual Studio Solution File, Format Version 12.00
# Visual Studio Version 16
VisualStudioVersion = 16.0.29503.13
MinimumVisualStudioVersion = 10.0.40219.1
Project("{8BC9CEB8-8B4A-11D0-8D11-00A0C91BC942}") = "关键词替换", "关键词替换.vcxproj", "{509952CD-D48B-4885-9E78-902138837CE6}"
EndProject
Global
	GlobalSection(SolutionConfigurationPlatforms) = preSolution
		Debug|x64 = Debug|x64
		Debug|x86 = Debug|x86
		Release|x64 = Release|x64
		Release|x86 = Release|x86
	EndGlobalSection
	GlobalSection(ProjectConfigurationPlatforms) = postSolution
		{509952CD-D48B-4885-9E78-902138837CE6}.Debug|x64.ActiveCfg = Debug|x64
		{509952CD-D48B-4885-9E78-902138837CE6}.Debug|x64.Build.0 = Debug|x64
		{509952CD-D48B-4885-9E78-902138837CE6}.Debug|x86.ActiveCfg = Debug|Win32
		{509952CD-D48B-4885-9E78-902138837CE6}.Debug|x86.Build.0 = Debug|Win32
		{509952CD-D48B-4885-9E78-902138837CE6}.Release|x64.ActiveCfg = Release|x64
		{509952CD-D48B-4885-9E78-902138837CE6}.Release|x64.Build.0 = Release|x64
		{509952CD-D48B-4885-9E78-902138837CE6}.Release|x86.ActiveCfg = Release|Win32
		{509952CD-D48B-4885-9E78-902138837CE6}.Release|x86.Build.0 = Release|Win32
	EndGlobalSection
	GlobalSection(SolutionProperties) = preSolution
		HideSolutionNode = FALSE
	EndGlobalSection
	GlobalSection(ExtensibilityGlobals) = postSolution
		SolutionGuid = {9F02E102-3D9C-4D35-AD14-5C751F173C91}
	EndGlobalSection
EndGlobal
