
Microsoft Visual Studio Solution File, Format Version 12.00
# Visual Studio Version 16
VisualStudioVersion = 16.0.29306.81
MinimumVisualStudioVersion = 10.0.40219.1
Project("{8BC9CEB8-8B4A-11D0-8D11-00A0C91BC942}") = "20191014", "20191014.vcxproj", "{3BAE1434-9AC7-45A6-B1C4-C839C8F6E66D}"
EndProject
Global
	GlobalSection(SolutionConfigurationPlatforms) = preSolution
		Debug|x64 = Debug|x64
		Debug|x86 = Debug|x86
		Release|x64 = Release|x64
		Release|x86 = Release|x86
	EndGlobalSection
	GlobalSection(ProjectConfigurationPlatforms) = postSolution
		{3BAE1434-9AC7-45A6-B1C4-C839C8F6E66D}.Debug|x64.ActiveCfg = Debug|x64
		{3BAE1434-9AC7-45A6-B1C4-C839C8F6E66D}.Debug|x64.Build.0 = Debug|x64
		{3BAE1434-9AC7-45A6-B1C4-C839C8F6E66D}.Debug|x86.ActiveCfg = Debug|Win32
		{3BAE1434-9AC7-45A6-B1C4-C839C8F6E66D}.Debug|x86.Build.0 = Debug|Win32
		{3BAE1434-9AC7-45A6-B1C4-C839C8F6E66D}.Release|x64.ActiveCfg = Release|x64
		{3BAE1434-9AC7-45A6-B1C4-C839C8F6E66D}.Release|x64.Build.0 = Release|x64
		{3BAE1434-9AC7-45A6-B1C4-C839C8F6E66D}.Release|x86.ActiveCfg = Release|Win32
		{3BAE1434-9AC7-45A6-B1C4-C839C8F6E66D}.Release|x86.Build.0 = Release|Win32
	EndGlobalSection
	GlobalSection(SolutionProperties) = preSolution
		HideSolutionNode = FALSE
	EndGlobalSection
	GlobalSection(ExtensibilityGlobals) = postSolution
		SolutionGuid = {BA7DADC2-D6FA-41EF-8853-67B21933A216}
	EndGlobalSection
EndGlobal
