
Microsoft Visual Studio Solution File, Format Version 12.00
# Visual Studio Version 16
VisualStudioVersion = 16.0.29503.13
MinimumVisualStudioVersion = 10.0.40219.1
Project("{8BC9CEB8-8B4A-11D0-8D11-00A0C91BC942}") = "20191203(5)", "20191203(5).vcxproj", "{C590B94F-7C3E-43AF-8FC8-769D42CE1DAE}"
EndProject
Global
	GlobalSection(SolutionConfigurationPlatforms) = preSolution
		Debug|x64 = Debug|x64
		Debug|x86 = Debug|x86
		Release|x64 = Release|x64
		Release|x86 = Release|x86
	EndGlobalSection
	GlobalSection(ProjectConfigurationPlatforms) = postSolution
		{C590B94F-7C3E-43AF-8FC8-769D42CE1DAE}.Debug|x64.ActiveCfg = Debug|x64
		{C590B94F-7C3E-43AF-8FC8-769D42CE1DAE}.Debug|x64.Build.0 = Debug|x64
		{C590B94F-7C3E-43AF-8FC8-769D42CE1DAE}.Debug|x86.ActiveCfg = Debug|Win32
		{C590B94F-7C3E-43AF-8FC8-769D42CE1DAE}.Debug|x86.Build.0 = Debug|Win32
		{C590B94F-7C3E-43AF-8FC8-769D42CE1DAE}.Release|x64.ActiveCfg = Release|x64
		{C590B94F-7C3E-43AF-8FC8-769D42CE1DAE}.Release|x64.Build.0 = Release|x64
		{C590B94F-7C3E-43AF-8FC8-769D42CE1DAE}.Release|x86.ActiveCfg = Release|Win32
		{C590B94F-7C3E-43AF-8FC8-769D42CE1DAE}.Release|x86.Build.0 = Release|Win32
	EndGlobalSection
	GlobalSection(SolutionProperties) = preSolution
		HideSolutionNode = FALSE
	EndGlobalSection
	GlobalSection(ExtensibilityGlobals) = postSolution
		SolutionGuid = {1BC7740A-E33D-45A3-A48E-EE2EB649EBAA}
	EndGlobalSection
EndGlobal
