
Microsoft Visual Studio Solution File, Format Version 12.00
# Visual Studio Version 16
VisualStudioVersion = 16.0.30114.105
MinimumVisualStudioVersion = 10.0.40219.1
Project("{8BC9CEB8-8B4A-11D0-8D11-00A0C91BC942}") = "Students", "Students.vcxproj", "{9EE1D24A-9C55-44C3-A500-4656068DD4F0}"
EndProject
Global
	GlobalSection(SolutionConfigurationPlatforms) = preSolution
		Debug|x64 = Debug|x64
		Debug|x86 = Debug|x86
		Release|x64 = Release|x64
		Release|x86 = Release|x86
	EndGlobalSection
	GlobalSection(ProjectConfigurationPlatforms) = postSolution
		{9EE1D24A-9C55-44C3-A500-4656068DD4F0}.Debug|x64.ActiveCfg = Debug|x64
		{9EE1D24A-9C55-44C3-A500-4656068DD4F0}.Debug|x64.Build.0 = Debug|x64
		{9EE1D24A-9C55-44C3-A500-4656068DD4F0}.Debug|x86.ActiveCfg = Debug|Win32
		{9EE1D24A-9C55-44C3-A500-4656068DD4F0}.Debug|x86.Build.0 = Debug|Win32
		{9EE1D24A-9C55-44C3-A500-4656068DD4F0}.Release|x64.ActiveCfg = Release|x64
		{9EE1D24A-9C55-44C3-A500-4656068DD4F0}.Release|x64.Build.0 = Release|x64
		{9EE1D24A-9C55-44C3-A500-4656068DD4F0}.Release|x86.ActiveCfg = Release|Win32
		{9EE1D24A-9C55-44C3-A500-4656068DD4F0}.Release|x86.Build.0 = Release|Win32
	EndGlobalSection
	GlobalSection(SolutionProperties) = preSolution
		HideSolutionNode = FALSE
	EndGlobalSection
	GlobalSection(ExtensibilityGlobals) = postSolution
		SolutionGuid = {87E4050B-21AC-4973-93AD-B9757FE20A2C}
	EndGlobalSection
EndGlobal
