
Microsoft Visual Studio Solution File, Format Version 12.00
# Visual Studio Version 16
VisualStudioVersion = 16.0.29306.81
MinimumVisualStudioVersion = 10.0.40219.1
Project("{8BC9CEB8-8B4A-11D0-8D11-00A0C91BC942}") = "20191029(3)", "20191029(3).vcxproj", "{F98D27F6-DB05-41FA-B751-9CF8FC282CC3}"
EndProject
Global
	GlobalSection(SolutionConfigurationPlatforms) = preSolution
		Debug|x64 = Debug|x64
		Debug|x86 = Debug|x86
		Release|x64 = Release|x64
		Release|x86 = Release|x86
	EndGlobalSection
	GlobalSection(ProjectConfigurationPlatforms) = postSolution
		{F98D27F6-DB05-41FA-B751-9CF8FC282CC3}.Debug|x64.ActiveCfg = Debug|x64
		{F98D27F6-DB05-41FA-B751-9CF8FC282CC3}.Debug|x64.Build.0 = Debug|x64
		{F98D27F6-DB05-41FA-B751-9CF8FC282CC3}.Debug|x86.ActiveCfg = Debug|Win32
		{F98D27F6-DB05-41FA-B751-9CF8FC282CC3}.Debug|x86.Build.0 = Debug|Win32
		{F98D27F6-DB05-41FA-B751-9CF8FC282CC3}.Release|x64.ActiveCfg = Release|x64
		{F98D27F6-DB05-41FA-B751-9CF8FC282CC3}.Release|x64.Build.0 = Release|x64
		{F98D27F6-DB05-41FA-B751-9CF8FC282CC3}.Release|x86.ActiveCfg = Release|Win32
		{F98D27F6-DB05-41FA-B751-9CF8FC282CC3}.Release|x86.Build.0 = Release|Win32
	EndGlobalSection
	GlobalSection(SolutionProperties) = preSolution
		HideSolutionNode = FALSE
	EndGlobalSection
	GlobalSection(ExtensibilityGlobals) = postSolution
		SolutionGuid = {B9934847-E683-44BE-B57D-B0B06685308B}
	EndGlobalSection
EndGlobal
